
Microsoft Visual Studio Solution File, Format Version 12.00
# Visual Studio Version 17
VisualStudioVersion = 17.7.34221.43
MinimumVisualStudioVersion = 10.0.40219.1
Project("{9A19103F-16F7-4668-BE54-9A1E7A4F7556}") = "Web", "Web\Web.csproj", "{F483ED8A-3BC1-4715-9C94-F8C2A4FA69E8}"
EndProject
Project("{9A19103F-16F7-4668-BE54-9A1E7A4F7556}") = "Domain", "Domain\Domain.csproj", "{02C95DC1-2C53-4679-90C0-43E864A72FB9}"
EndProject
Project("{9A19103F-16F7-4668-BE54-9A1E7A4F7556}") = "Models", "Models\Models.csproj", "{19C7D10F-7E22-4E5F-A86F-B2AB73058943}"
EndProject
Project("{9A19103F-16F7-4668-BE54-9A1E7A4F7556}") = "Services", "Services\Services.csproj", "{048340D8-B55A-46DB-9F51-71D61B79EBDA}"
EndProject
Project("{00D1A9C2-B5F0-4AF3-8072-F6C62B433612}") = "Database", "Database\Database.sqlproj", "{B12E0F9B-309C-4335-BB40-B442522AC30F}"
EndProject
Global
	GlobalSection(SolutionConfigurationPlatforms) = preSolution
		Debug|Any CPU = Debug|Any CPU
		Release|Any CPU = Release|Any CPU
	EndGlobalSection
	GlobalSection(ProjectConfigurationPlatforms) = postSolution
		{F483ED8A-3BC1-4715-9C94-F8C2A4FA69E8}.Debug|Any CPU.ActiveCfg = Debug|Any CPU
		{F483ED8A-3BC1-4715-9C94-F8C2A4FA69E8}.Debug|Any CPU.Build.0 = Debug|Any CPU
		{F483ED8A-3BC1-4715-9C94-F8C2A4FA69E8}.Release|Any CPU.ActiveCfg = Release|Any CPU
		{F483ED8A-3BC1-4715-9C94-F8C2A4FA69E8}.Release|Any CPU.Build.0 = Release|Any CPU
		{02C95DC1-2C53-4679-90C0-43E864A72FB9}.Debug|Any CPU.ActiveCfg = Debug|Any CPU
		{02C95DC1-2C53-4679-90C0-43E864A72FB9}.Debug|Any CPU.Build.0 = Debug|Any CPU
		{02C95DC1-2C53-4679-90C0-43E864A72FB9}.Release|Any CPU.ActiveCfg = Release|Any CPU
		{02C95DC1-2C53-4679-90C0-43E864A72FB9}.Release|Any CPU.Build.0 = Release|Any CPU
		{19C7D10F-7E22-4E5F-A86F-B2AB73058943}.Debug|Any CPU.ActiveCfg = Debug|Any CPU
		{19C7D10F-7E22-4E5F-A86F-B2AB73058943}.Debug|Any CPU.Build.0 = Debug|Any CPU
		{19C7D10F-7E22-4E5F-A86F-B2AB73058943}.Release|Any CPU.ActiveCfg = Release|Any CPU
		{19C7D10F-7E22-4E5F-A86F-B2AB73058943}.Release|Any CPU.Build.0 = Release|Any CPU
		{048340D8-B55A-46DB-9F51-71D61B79EBDA}.Debug|Any CPU.ActiveCfg = Debug|Any CPU
		{048340D8-B55A-46DB-9F51-71D61B79EBDA}.Debug|Any CPU.Build.0 = Debug|Any CPU
		{048340D8-B55A-46DB-9F51-71D61B79EBDA}.Release|Any CPU.ActiveCfg = Release|Any CPU
		{048340D8-B55A-46DB-9F51-71D61B79EBDA}.Release|Any CPU.Build.0 = Release|Any CPU
		{B12E0F9B-309C-4335-BB40-B442522AC30F}.Debug|Any CPU.ActiveCfg = Debug|Any CPU
		{B12E0F9B-309C-4335-BB40-B442522AC30F}.Debug|Any CPU.Build.0 = Debug|Any CPU
		{B12E0F9B-309C-4335-BB40-B442522AC30F}.Debug|Any CPU.Deploy.0 = Debug|Any CPU
		{B12E0F9B-309C-4335-BB40-B442522AC30F}.Release|Any CPU.ActiveCfg = Release|Any CPU
		{B12E0F9B-309C-4335-BB40-B442522AC30F}.Release|Any CPU.Build.0 = Release|Any CPU
		{B12E0F9B-309C-4335-BB40-B442522AC30F}.Release|Any CPU.Deploy.0 = Release|Any CPU
	EndGlobalSection
	GlobalSection(SolutionProperties) = preSolution
		HideSolutionNode = FALSE
	EndGlobalSection
	GlobalSection(ExtensibilityGlobals) = postSolution
		SolutionGuid = {1F9D7BCF-AD9F-4F28-81A3-03DC82E54B54}
	EndGlobalSection
EndGlobal
